
Microsoft Visual Studio Solution File, Format Version 12.00
# Visual Studio 15
Project("{FAE04EC0-301F-11D3-BF4B-00C04F79EFBC}") = "sc.posteffects.runtime", "sc.posteffects.runtime.csproj", "{9698C2D8-7541-7812-E80B-4AEF7EC24195}"
EndProject
Project("{FAE04EC0-301F-11D3-BF4B-00C04F79EFBC}") = "sc.posteffects.editor", "sc.posteffects.editor.csproj", "{2CB132CC-7014-2B2F-3AE4-4F7F5F8F524D}"
EndProject
Project("{FAE04EC0-301F-11D3-BF4B-00C04F79EFBC}") = "Assembly-CSharp", "Assembly-CSharp.csproj", "{B688A6F7-6D33-003D-8E01-F825203666E2}"
EndProject
Global
	GlobalSection(SolutionConfigurationPlatforms) = preSolution
		Debug|Any CPU = Debug|Any CPU
		Release|Any CPU = Release|Any CPU
	EndGlobalSection
	GlobalSection(ProjectConfigurationPlatforms) = postSolution
		{9698C2D8-7541-7812-E80B-4AEF7EC24195}.Debug|Any CPU.ActiveCfg = Debug|Any CPU
		{9698C2D8-7541-7812-E80B-4AEF7EC24195}.Debug|Any CPU.Build.0 = Debug|Any CPU
		{9698C2D8-7541-7812-E80B-4AEF7EC24195}.Release|Any CPU.ActiveCfg = Release|Any CPU
		{9698C2D8-7541-7812-E80B-4AEF7EC24195}.Release|Any CPU.Build.0 = Release|Any CPU
		{2CB132CC-7014-2B2F-3AE4-4F7F5F8F524D}.Debug|Any CPU.ActiveCfg = Debug|Any CPU
		{2CB132CC-7014-2B2F-3AE4-4F7F5F8F524D}.Debug|Any CPU.Build.0 = Debug|Any CPU
		{2CB132CC-7014-2B2F-3AE4-4F7F5F8F524D}.Release|Any CPU.ActiveCfg = Release|Any CPU
		{2CB132CC-7014-2B2F-3AE4-4F7F5F8F524D}.Release|Any CPU.Build.0 = Release|Any CPU
		{B688A6F7-6D33-003D-8E01-F825203666E2}.Debug|Any CPU.ActiveCfg = Debug|Any CPU
		{B688A6F7-6D33-003D-8E01-F825203666E2}.Debug|Any CPU.Build.0 = Debug|Any CPU
		{B688A6F7-6D33-003D-8E01-F825203666E2}.Release|Any CPU.ActiveCfg = Release|Any CPU
		{B688A6F7-6D33-003D-8E01-F825203666E2}.Release|Any CPU.Build.0 = Release|Any CPU
	EndGlobalSection
	GlobalSection(SolutionProperties) = preSolution
		HideSolutionNode = FALSE
	EndGlobalSection
EndGlobal
